
Microsoft Visual Studio Solution File, Format Version 12.00
# Visual Studio Version 17
VisualStudioVersion = 17.6.33815.320
MinimumVisualStudioVersion = 10.0.40219.1
Project("{FAE04EC0-301F-11D3-BF4B-00C04F79EFBC}") = "TrainingApp", "TrainingApp\TrainingApp.csproj", "{9EC7AC48-DF53-4456-925B-27E7D0886A64}"
EndProject
Global
	GlobalSection(SolutionConfigurationPlatforms) = preSolution
		Debug|Any CPU = Debug|Any CPU
		Release|Any CPU = Release|Any CPU
	EndGlobalSection
	GlobalSection(ProjectConfigurationPlatforms) = postSolution
		{9EC7AC48-DF53-4456-925B-27E7D0886A64}.Debug|Any CPU.ActiveCfg = Debug|Any CPU
		{9EC7AC48-DF53-4456-925B-27E7D0886A64}.Debug|Any CPU.Build.0 = Debug|Any CPU
		{9EC7AC48-DF53-4456-925B-27E7D0886A64}.Release|Any CPU.ActiveCfg = Release|Any CPU
		{9EC7AC48-DF53-4456-925B-27E7D0886A64}.Release|Any CPU.Build.0 = Release|Any CPU
	EndGlobalSection
	GlobalSection(SolutionProperties) = preSolution
		HideSolutionNode = FALSE
	EndGlobalSection
	GlobalSection(ExtensibilityGlobals) = postSolution
		SolutionGuid = {D5312787-5483-40BD-9420-463F017EAC41}
	EndGlobalSection
EndGlobal
